{
  "requires": true,
  "lockfileVersion": 1,
  "dependencies": {
    "@aws-cdk/aws-cloudwatch": {
      "version": "1.32.2",
      "resolved": "https://registry.npmjs.org/@aws-cdk/aws-cloudwatch/-/aws-cloudwatch-1.32.2.tgz",
      "integrity": "sha512-QbrkIKqs6hn5SnFFdVzZTx09Esr3Kd7md/Nrkq96vfp8UVW0d+6sTUZdeXppF+qvu8WOGradZWOKUd6RwPfyyg==",
      "requires": {
        "@aws-cdk/aws-iam": "1.32.2",
        "@aws-cdk/core": "1.32.2",
        "constructs": "^2.0.0"
      }
    },
    "@aws-cdk/aws-events": {
      "version": "1.32.2",
      "resolved": "https://registry.npmjs.org/@aws-cdk/aws-events/-/aws-events-1.32.2.tgz",
      "integrity": "sha512-HmgngkQVE8ePAfy62dMb6bFzLT2XywrNb7JkcOk/u8VOCdWxMX10fk3YjMoNBknYdMaPolvDFPFURkWCsoMOSw==",
      "requires": {
        "@aws-cdk/aws-iam": "1.32.2",
        "@aws-cdk/core": "1.32.2",
        "constructs": "^2.0.0"
      }
    },
    "@aws-cdk/aws-iam": {
      "version": "1.32.2",
      "resolved": "https://registry.npmjs.org/@aws-cdk/aws-iam/-/aws-iam-1.32.2.tgz",
      "integrity": "sha512-fRFQCUBH7L3xUfzFExB2UCfv8bc5yxUbWh9oOqy3uawSP9g6eqgZZutCUp2qkCFfuJFe/gbFIWacpqvM9rQ7Sg==",
      "requires": {
        "@aws-cdk/core": "1.32.2",
        "@aws-cdk/region-info": "1.32.2",
        "constructs": "^2.0.0"
      }
    },
    "@aws-cdk/aws-kms": {
      "version": "1.32.2",
      "resolved": "https://registry.npmjs.org/@aws-cdk/aws-kms/-/aws-kms-1.32.2.tgz",
      "integrity": "sha512-yjINmHXSd5r/XpqGuW0W5memx/LFMb4gKASDSbQPP4KZsP3xlJBQ1+t+ONeVe5iCJpAnh8uTCRNxgZ6CpopOrQ==",
      "requires": {
        "@aws-cdk/aws-iam": "1.32.2",
        "@aws-cdk/core": "1.32.2",
        "constructs": "^2.0.0"
      }
    },
    "@aws-cdk/aws-sns": {
      "version": "1.32.2",
      "resolved": "https://registry.npmjs.org/@aws-cdk/aws-sns/-/aws-sns-1.32.2.tgz",
      "integrity": "sha512-gGDIMwxjjf/2HltOJa8j2nGm/9Ck6bVddsm/a212abkxqXtPccNoZFyINFsONn+XA4jf+ikIfiT5SEgV4myGPA==",
      "requires": {
        "@aws-cdk/aws-cloudwatch": "1.32.2",
        "@aws-cdk/aws-events": "1.32.2",
        "@aws-cdk/aws-iam": "1.32.2",
        "@aws-cdk/aws-kms": "1.32.2",
        "@aws-cdk/core": "1.32.2",
        "constructs": "^2.0.0"
      }
    },
    "@aws-cdk/core": {
      "version": "1.32.2",
      "resolved": "https://registry.npmjs.org/@aws-cdk/core/-/core-1.32.2.tgz",
      "integrity": "sha512-gO+LpoGvToUwOGUhEsUAFAuRMjFhQvpbsurzJCEYFs/Je0vHX+b63iC4fkf74aZVHemKkDKY+xdzEAwIvIJB6Q==",
      "requires": {
        "@aws-cdk/cx-api": "1.32.2",
        "constructs": "^2.0.0"
      }
    },
    "@aws-cdk/cx-api": {
      "version": "1.32.2",
      "resolved": "https://registry.npmjs.org/@aws-cdk/cx-api/-/cx-api-1.32.2.tgz",
      "integrity": "sha512-+QRa35r/54TTwegy8sLZLIwo1kAlQfYQtJ8KvlpapK7jvwJpbdQYjbPR/n0dYVmlTNb/R5Wb9+ulr5EYfJlXUw==",
      "requires": {
        "semver": "^7.2.1"
      },
      "dependencies": {
        "semver": {
          "version": "7.2.1",
          "bundled": true
        }
      }
    },
    "@aws-cdk/region-info": {
      "version": "1.32.2",
      "resolved": "https://registry.npmjs.org/@aws-cdk/region-info/-/region-info-1.32.2.tgz",
      "integrity": "sha512-ssXm6oWpghBWQPOVHf7TZqjcYiLMqc6K7pNGbZYn/Lm7d1HMtAFoOZAsREoVluACWYRPrG/lT17zZzb5ArKObg=="
    },
    "constructs": {
      "version": "2.0.1",
      "resolved": "https://registry.npmjs.org/constructs/-/constructs-2.0.1.tgz",
      "integrity": "sha512-edR85YFGI9TBT9byAo5vAfI0PRi+jFGzinwN3RAJwKfv6Yc9x9kALYfoEmgotp95qT7/k/iUQWHrH9BMJeqpdg=="
    }
  }
}
